
Microsoft Visual Studio Solution File, Format Version 12.00
# Visual Studio Version 16
VisualStudioVersion = 16.0.28803.202
MinimumVisualStudioVersion = 10.0.40219.1
Project("{8BC9CEB8-8B4A-11D0-8D11-00A0C91BC942}") = "Л.Р 21 (5к)", "Л.Р 21 (5к)\Л.Р 21 (5к).vcxproj", "{C6905DE3-07E3-40D9-89DB-F4EF99BAC468}"
EndProject
Global
	GlobalSection(SolutionConfigurationPlatforms) = preSolution
		Debug|x64 = Debug|x64
		Debug|x86 = Debug|x86
		Release|x64 = Release|x64
		Release|x86 = Release|x86
	EndGlobalSection
	GlobalSection(ProjectConfigurationPlatforms) = postSolution
		{C6905DE3-07E3-40D9-89DB-F4EF99BAC468}.Debug|x64.ActiveCfg = Debug|x64
		{C6905DE3-07E3-40D9-89DB-F4EF99BAC468}.Debug|x64.Build.0 = Debug|x64
		{C6905DE3-07E3-40D9-89DB-F4EF99BAC468}.Debug|x86.ActiveCfg = Debug|Win32
		{C6905DE3-07E3-40D9-89DB-F4EF99BAC468}.Debug|x86.Build.0 = Debug|Win32
		{C6905DE3-07E3-40D9-89DB-F4EF99BAC468}.Release|x64.ActiveCfg = Release|x64
		{C6905DE3-07E3-40D9-89DB-F4EF99BAC468}.Release|x64.Build.0 = Release|x64
		{C6905DE3-07E3-40D9-89DB-F4EF99BAC468}.Release|x86.ActiveCfg = Release|Win32
		{C6905DE3-07E3-40D9-89DB-F4EF99BAC468}.Release|x86.Build.0 = Release|Win32
	EndGlobalSection
	GlobalSection(SolutionProperties) = preSolution
		HideSolutionNode = FALSE
	EndGlobalSection
	GlobalSection(ExtensibilityGlobals) = postSolution
		SolutionGuid = {073216F5-3625-4BC4-9DCB-83B8D4A5D397}
	EndGlobalSection
EndGlobal
