
Microsoft Visual Studio Solution File, Format Version 12.00
# Visual Studio Version 16
VisualStudioVersion = 16.0.28803.202
MinimumVisualStudioVersion = 10.0.40219.1
Project("{8BC9CEB8-8B4A-11D0-8D11-00A0C91BC942}") = "Л.Р 25 (8к)", "Л.Р 25 (8к)\Л.Р 25 (8к).vcxproj", "{76015A05-2955-42CE-B8A3-E7026C914CEF}"
EndProject
Global
	GlobalSection(SolutionConfigurationPlatforms) = preSolution
		Debug|x64 = Debug|x64
		Debug|x86 = Debug|x86
		Release|x64 = Release|x64
		Release|x86 = Release|x86
	EndGlobalSection
	GlobalSection(ProjectConfigurationPlatforms) = postSolution
		{76015A05-2955-42CE-B8A3-E7026C914CEF}.Debug|x64.ActiveCfg = Debug|x64
		{76015A05-2955-42CE-B8A3-E7026C914CEF}.Debug|x64.Build.0 = Debug|x64
		{76015A05-2955-42CE-B8A3-E7026C914CEF}.Debug|x86.ActiveCfg = Debug|Win32
		{76015A05-2955-42CE-B8A3-E7026C914CEF}.Debug|x86.Build.0 = Debug|Win32
		{76015A05-2955-42CE-B8A3-E7026C914CEF}.Release|x64.ActiveCfg = Release|x64
		{76015A05-2955-42CE-B8A3-E7026C914CEF}.Release|x64.Build.0 = Release|x64
		{76015A05-2955-42CE-B8A3-E7026C914CEF}.Release|x86.ActiveCfg = Release|Win32
		{76015A05-2955-42CE-B8A3-E7026C914CEF}.Release|x86.Build.0 = Release|Win32
	EndGlobalSection
	GlobalSection(SolutionProperties) = preSolution
		HideSolutionNode = FALSE
	EndGlobalSection
	GlobalSection(ExtensibilityGlobals) = postSolution
		SolutionGuid = {BD6B798F-52C9-4607-B20E-8F6E9BFF5CC8}
	EndGlobalSection
EndGlobal
